
Microsoft Visual Studio Solution File, Format Version 12.00
# Visual Studio 2015
Project("{FAE04EC0-301F-11D3-BF4B-00C04F79EFBC}") = "Dinosaurs and Footmen.CSharp", "Dinosaurs and Footmen.CSharp.csproj", "{CC517B2C-6BF1-4155-A1BF-D6A974225290}"
EndProject
Project("{FAE04EC0-301F-11D3-BF4B-00C04F79EFBC}") = "Dinosaurs and Footmen.CSharp.Editor", "Dinosaurs and Footmen.CSharp.Editor.csproj", "{1F72E404-7045-7462-C8EB-4433A678C09C}"
EndProject
Global
	GlobalSection(SolutionConfigurationPlatforms) = preSolution
		Debug|Any CPU = Debug|Any CPU
		Release|Any CPU = Release|Any CPU
	EndGlobalSection
	GlobalSection(ProjectConfigurationPlatforms) = postSolution
		{CC517B2C-6BF1-4155-A1BF-D6A974225290}.Debug|Any CPU.ActiveCfg = Debug|Any CPU
		{CC517B2C-6BF1-4155-A1BF-D6A974225290}.Debug|Any CPU.Build.0 = Debug|Any CPU
		{CC517B2C-6BF1-4155-A1BF-D6A974225290}.Release|Any CPU.ActiveCfg = Release|Any CPU
		{CC517B2C-6BF1-4155-A1BF-D6A974225290}.Release|Any CPU.Build.0 = Release|Any CPU
		{1F72E404-7045-7462-C8EB-4433A678C09C}.Debug|Any CPU.ActiveCfg = Debug|Any CPU
		{1F72E404-7045-7462-C8EB-4433A678C09C}.Debug|Any CPU.Build.0 = Debug|Any CPU
		{1F72E404-7045-7462-C8EB-4433A678C09C}.Release|Any CPU.ActiveCfg = Release|Any CPU
		{1F72E404-7045-7462-C8EB-4433A678C09C}.Release|Any CPU.Build.0 = Release|Any CPU
	EndGlobalSection
	GlobalSection(SolutionProperties) = preSolution
		HideSolutionNode = FALSE
	EndGlobalSection
EndGlobal
