Microsoft Visual Studio Solution File, Format Version 11.00
# Visual Studio 2008

Project("{16C20DC2-5F3A-7ADE-4D12-BAB37AD3514C}") = "Dinosaurs and Footmen", "Assembly-CSharp.csproj", "{86547701-F214-9ABB-3012-804C1BACE863}"
EndProject
Project("{16C20DC2-5F3A-7ADE-4D12-BAB37AD3514C}") = "Dinosaurs and Footmen", "Assembly-CSharp-Editor.csproj", "{B0136528-049F-0C9A-6A11-6B2B4187F995}"
EndProject
Global
	GlobalSection(SolutionConfigurationPlatforms) = preSolution
		Debug|Any CPU = Debug|Any CPU
		Release|Any CPU = Release|Any CPU
	EndGlobalSection
	GlobalSection(ProjectConfigurationPlatforms) = postSolution
		{86547701-F214-9ABB-3012-804C1BACE863}.Debug|Any CPU.ActiveCfg = Debug|Any CPU
		{86547701-F214-9ABB-3012-804C1BACE863}.Debug|Any CPU.Build.0 = Debug|Any CPU
		{86547701-F214-9ABB-3012-804C1BACE863}.Release|Any CPU.ActiveCfg = Release|Any CPU
		{86547701-F214-9ABB-3012-804C1BACE863}.Release|Any CPU.Build.0 = Release|Any CPU
		{B0136528-049F-0C9A-6A11-6B2B4187F995}.Debug|Any CPU.ActiveCfg = Debug|Any CPU
		{B0136528-049F-0C9A-6A11-6B2B4187F995}.Debug|Any CPU.Build.0 = Debug|Any CPU
		{B0136528-049F-0C9A-6A11-6B2B4187F995}.Release|Any CPU.ActiveCfg = Release|Any CPU
		{B0136528-049F-0C9A-6A11-6B2B4187F995}.Release|Any CPU.Build.0 = Release|Any CPU
	EndGlobalSection
	GlobalSection(SolutionProperties) = preSolution
		HideSolutionNode = FALSE
	EndGlobalSection
	GlobalSection(MonoDevelopProperties) = preSolution
		StartupItem = Assembly-CSharp.csproj
	EndGlobalSection
EndGlobal
